dependencies:
- name: oneclient
  repository: file://../../charts/oneclient
  version: 0.2.9
- name: onedata-cli
  repository: file://../../charts/onedata-cli
  version: 0.2.9
- name: onedata-chart-utils
  repository: file://../../charts/onedata-chart-utils
  version: 0.2.9
digest: sha256:8185bc5e3e1f21d16d4428a7dfbae142313a93178a11e07f641ba6029cd860f1
generated: 2018-01-11T13:53:34.390203165+01:00
